
Microsoft Visual Studio Solution File, Format Version 12.00
# Visual Studio Version 17
VisualStudioVersion = 17.11.35303.130
MinimumVisualStudioVersion = 10.0.40219.1
Project("{FAE04EC0-301F-11D3-BF4B-00C04F79EFBC}") = "CalcularIMC_NAGD.Android", "CalcularIMC_NAGD\CalcularIMC_NAGD.Android\CalcularIMC_NAGD.Android.csproj", "{87771E91-7901-4FE4-9AAA-137D8B6D7D5B}"
EndProject
Project("{FAE04EC0-301F-11D3-BF4B-00C04F79EFBC}") = "CalcularIMC_NAGD.iOS", "CalcularIMC_NAGD\CalcularIMC_NAGD.iOS\CalcularIMC_NAGD.iOS.csproj", "{1C4A76A8-3A61-4A43-A778-3C42D21410F3}"
EndProject
Project("{FAE04EC0-301F-11D3-BF4B-00C04F79EFBC}") = "CalcularIMC_NAGD", "CalcularIMC_NAGD\CalcularIMC_NAGD\CalcularIMC_NAGD.csproj", "{01F4A958-CA80-49DB-87FA-AE458A12FAE0}"
EndProject
Global
	GlobalSection(SolutionConfigurationPlatforms) = preSolution
		Debug|Any CPU = Debug|Any CPU
		Debug|iPhone = Debug|iPhone
		Debug|iPhoneSimulator = Debug|iPhoneSimulator
		Release|Any CPU = Release|Any CPU
		Release|iPhone = Release|iPhone
		Release|iPhoneSimulator = Release|iPhoneSimulator
	EndGlobalSection
	GlobalSection(ProjectConfigurationPlatforms) = postSolution
		{87771E91-7901-4FE4-9AAA-137D8B6D7D5B}.Debug|Any CPU.ActiveCfg = Debug|Any CPU
		{87771E91-7901-4FE4-9AAA-137D8B6D7D5B}.Debug|Any CPU.Build.0 = Debug|Any CPU
		{87771E91-7901-4FE4-9AAA-137D8B6D7D5B}.Debug|Any CPU.Deploy.0 = Debug|Any CPU
		{87771E91-7901-4FE4-9AAA-137D8B6D7D5B}.Debug|iPhone.ActiveCfg = Debug|Any CPU
		{87771E91-7901-4FE4-9AAA-137D8B6D7D5B}.Debug|iPhone.Build.0 = Debug|Any CPU
		{87771E91-7901-4FE4-9AAA-137D8B6D7D5B}.Debug|iPhone.Deploy.0 = Debug|Any CPU
		{87771E91-7901-4FE4-9AAA-137D8B6D7D5B}.Debug|iPhoneSimulator.ActiveCfg = Debug|Any CPU
		{87771E91-7901-4FE4-9AAA-137D8B6D7D5B}.Debug|iPhoneSimulator.Build.0 = Debug|Any CPU
		{87771E91-7901-4FE4-9AAA-137D8B6D7D5B}.Debug|iPhoneSimulator.Deploy.0 = Debug|Any CPU
		{87771E91-7901-4FE4-9AAA-137D8B6D7D5B}.Release|Any CPU.ActiveCfg = Release|Any CPU
		{87771E91-7901-4FE4-9AAA-137D8B6D7D5B}.Release|Any CPU.Build.0 = Release|Any CPU
		{87771E91-7901-4FE4-9AAA-137D8B6D7D5B}.Release|Any CPU.Deploy.0 = Release|Any CPU
		{87771E91-7901-4FE4-9AAA-137D8B6D7D5B}.Release|iPhone.ActiveCfg = Release|Any CPU
		{87771E91-7901-4FE4-9AAA-137D8B6D7D5B}.Release|iPhone.Build.0 = Release|Any CPU
		{87771E91-7901-4FE4-9AAA-137D8B6D7D5B}.Release|iPhone.Deploy.0 = Release|Any CPU
		{87771E91-7901-4FE4-9AAA-137D8B6D7D5B}.Release|iPhoneSimulator.ActiveCfg = Release|Any CPU
		{87771E91-7901-4FE4-9AAA-137D8B6D7D5B}.Release|iPhoneSimulator.Build.0 = Release|Any CPU
		{87771E91-7901-4FE4-9AAA-137D8B6D7D5B}.Release|iPhoneSimulator.Deploy.0 = Release|Any CPU
		{1C4A76A8-3A61-4A43-A778-3C42D21410F3}.Debug|Any CPU.ActiveCfg = Debug|iPhone
		{1C4A76A8-3A61-4A43-A778-3C42D21410F3}.Debug|Any CPU.Build.0 = Debug|iPhone
		{1C4A76A8-3A61-4A43-A778-3C42D21410F3}.Debug|Any CPU.Deploy.0 = Debug|iPhone
		{1C4A76A8-3A61-4A43-A778-3C42D21410F3}.Debug|iPhone.ActiveCfg = Debug|iPhone
		{1C4A76A8-3A61-4A43-A778-3C42D21410F3}.Debug|iPhone.Build.0 = Debug|iPhone
		{1C4A76A8-3A61-4A43-A778-3C42D21410F3}.Debug|iPhone.Deploy.0 = Debug|iPhone
		{1C4A76A8-3A61-4A43-A778-3C42D21410F3}.Debug|iPhoneSimulator.ActiveCfg = Debug|iPhoneSimulator
		{1C4A76A8-3A61-4A43-A778-3C42D21410F3}.Debug|iPhoneSimulator.Build.0 = Debug|iPhoneSimulator
		{1C4A76A8-3A61-4A43-A778-3C42D21410F3}.Debug|iPhoneSimulator.Deploy.0 = Debug|iPhoneSimulator
		{1C4A76A8-3A61-4A43-A778-3C42D21410F3}.Release|Any CPU.ActiveCfg = Release|iPhoneSimulator
		{1C4A76A8-3A61-4A43-A778-3C42D21410F3}.Release|Any CPU.Build.0 = Release|iPhoneSimulator
		{1C4A76A8-3A61-4A43-A778-3C42D21410F3}.Release|Any CPU.Deploy.0 = Release|iPhoneSimulator
		{1C4A76A8-3A61-4A43-A778-3C42D21410F3}.Release|iPhone.ActiveCfg = Release|iPhone
		{1C4A76A8-3A61-4A43-A778-3C42D21410F3}.Release|iPhone.Build.0 = Release|iPhone
		{1C4A76A8-3A61-4A43-A778-3C42D21410F3}.Release|iPhone.Deploy.0 = Release|iPhone
		{1C4A76A8-3A61-4A43-A778-3C42D21410F3}.Release|iPhoneSimulator.ActiveCfg = Release|iPhoneSimulator
		{1C4A76A8-3A61-4A43-A778-3C42D21410F3}.Release|iPhoneSimulator.Build.0 = Release|iPhoneSimulator
		{1C4A76A8-3A61-4A43-A778-3C42D21410F3}.Release|iPhoneSimulator.Deploy.0 = Release|iPhoneSimulator
		{01F4A958-CA80-49DB-87FA-AE458A12FAE0}.Debug|Any CPU.ActiveCfg = Debug|Any CPU
		{01F4A958-CA80-49DB-87FA-AE458A12FAE0}.Debug|Any CPU.Build.0 = Debug|Any CPU
		{01F4A958-CA80-49DB-87FA-AE458A12FAE0}.Debug|Any CPU.Deploy.0 = Debug|Any CPU
		{01F4A958-CA80-49DB-87FA-AE458A12FAE0}.Debug|iPhone.ActiveCfg = Debug|Any CPU
		{01F4A958-CA80-49DB-87FA-AE458A12FAE0}.Debug|iPhone.Build.0 = Debug|Any CPU
		{01F4A958-CA80-49DB-87FA-AE458A12FAE0}.Debug|iPhone.Deploy.0 = Debug|Any CPU
		{01F4A958-CA80-49DB-87FA-AE458A12FAE0}.Debug|iPhoneSimulator.ActiveCfg = Debug|Any CPU
		{01F4A958-CA80-49DB-87FA-AE458A12FAE0}.Debug|iPhoneSimulator.Build.0 = Debug|Any CPU
		{01F4A958-CA80-49DB-87FA-AE458A12FAE0}.Debug|iPhoneSimulator.Deploy.0 = Debug|Any CPU
		{01F4A958-CA80-49DB-87FA-AE458A12FAE0}.Release|Any CPU.ActiveCfg = Release|Any CPU
		{01F4A958-CA80-49DB-87FA-AE458A12FAE0}.Release|Any CPU.Build.0 = Release|Any CPU
		{01F4A958-CA80-49DB-87FA-AE458A12FAE0}.Release|Any CPU.Deploy.0 = Release|Any CPU
		{01F4A958-CA80-49DB-87FA-AE458A12FAE0}.Release|iPhone.ActiveCfg = Release|Any CPU
		{01F4A958-CA80-49DB-87FA-AE458A12FAE0}.Release|iPhone.Build.0 = Release|Any CPU
		{01F4A958-CA80-49DB-87FA-AE458A12FAE0}.Release|iPhone.Deploy.0 = Release|Any CPU
		{01F4A958-CA80-49DB-87FA-AE458A12FAE0}.Release|iPhoneSimulator.ActiveCfg = Release|Any CPU
		{01F4A958-CA80-49DB-87FA-AE458A12FAE0}.Release|iPhoneSimulator.Build.0 = Release|Any CPU
		{01F4A958-CA80-49DB-87FA-AE458A12FAE0}.Release|iPhoneSimulator.Deploy.0 = Release|Any CPU
	EndGlobalSection
	GlobalSection(SolutionProperties) = preSolution
		HideSolutionNode = FALSE
	EndGlobalSection
	GlobalSection(ExtensibilityGlobals) = postSolution
		SolutionGuid = {0F08BBD9-139A-4D6E-B578-89ED72A54589}
	EndGlobalSection
EndGlobal
